# THIS IS AN AUTOGENERATED FILE. DO NOT EDIT THIS FILE DIRECTLY.
# yarn lockfile v1


"@types/node@^12.12.16":
  version "12.12.16"
  resolved "https://registry.yarnpkg.com/@types/node/-/node-12.12.16.tgz#3ebcbd7bf978fa4c5120fee8be57083271a8b3ac"

typescript@^3.7.3:
  version "3.7.3"
  resolved "https://registry.yarnpkg.com/typescript/-/typescript-3.7.3.tgz#b36840668a16458a7025b9eabfad11b66ab85c69"
